
Microsoft Visual Studio Solution File, Format Version 12.00
# Visual Studio Version 16
VisualStudioVersion = 16.6.30114.105
MinimumVisualStudioVersion = 10.0.40219.1
Project("{2150E333-8FDC-42A3-9474-1A3956D46DE8}") = "src", "src", "{5CC73B64-900E-48D3-AA29-9357FA9860E0}"
EndProject
Project("{FAE04EC0-301F-11D3-BF4B-00C04F79EFBC}") = "DotnetGenerate", "src\DotnetGenerate\DotnetGenerate.csproj", "{8B305DC4-4720-42E4-AA99-F072C11BBCE2}"
EndProject
Project("{2150E333-8FDC-42A3-9474-1A3956D46DE8}") = "tests", "tests", "{154E084C-04AD-4ADE-A4A8-783531789034}"
EndProject
Project("{FAE04EC0-301F-11D3-BF4B-00C04F79EFBC}") = "DotnetGenerate.Tests", "tests\DotnetGenerate.Tests\DotnetGenerate.Tests.csproj", "{3FDE907D-60C3-45AE-A652-F4D97581A93A}"
EndProject
Global
	GlobalSection(SolutionConfigurationPlatforms) = preSolution
		Debug|Any CPU = Debug|Any CPU
		Debug|x64 = Debug|x64
		Debug|x86 = Debug|x86
		Release|Any CPU = Release|Any CPU
		Release|x64 = Release|x64
		Release|x86 = Release|x86
	EndGlobalSection
	GlobalSection(SolutionProperties) = preSolution
		HideSolutionNode = FALSE
	EndGlobalSection
	GlobalSection(ProjectConfigurationPlatforms) = postSolution
		{8B305DC4-4720-42E4-AA99-F072C11BBCE2}.Debug|Any CPU.ActiveCfg = Debug|Any CPU
		{8B305DC4-4720-42E4-AA99-F072C11BBCE2}.Debug|Any CPU.Build.0 = Debug|Any CPU
		{8B305DC4-4720-42E4-AA99-F072C11BBCE2}.Debug|x64.ActiveCfg = Debug|Any CPU
		{8B305DC4-4720-42E4-AA99-F072C11BBCE2}.Debug|x64.Build.0 = Debug|Any CPU
		{8B305DC4-4720-42E4-AA99-F072C11BBCE2}.Debug|x86.ActiveCfg = Debug|Any CPU
		{8B305DC4-4720-42E4-AA99-F072C11BBCE2}.Debug|x86.Build.0 = Debug|Any CPU
		{8B305DC4-4720-42E4-AA99-F072C11BBCE2}.Release|Any CPU.ActiveCfg = Release|Any CPU
		{8B305DC4-4720-42E4-AA99-F072C11BBCE2}.Release|Any CPU.Build.0 = Release|Any CPU
		{8B305DC4-4720-42E4-AA99-F072C11BBCE2}.Release|x64.ActiveCfg = Release|Any CPU
		{8B305DC4-4720-42E4-AA99-F072C11BBCE2}.Release|x64.Build.0 = Release|Any CPU
		{8B305DC4-4720-42E4-AA99-F072C11BBCE2}.Release|x86.ActiveCfg = Release|Any CPU
		{8B305DC4-4720-42E4-AA99-F072C11BBCE2}.Release|x86.Build.0 = Release|Any CPU
		{3FDE907D-60C3-45AE-A652-F4D97581A93A}.Debug|Any CPU.ActiveCfg = Debug|Any CPU
		{3FDE907D-60C3-45AE-A652-F4D97581A93A}.Debug|Any CPU.Build.0 = Debug|Any CPU
		{3FDE907D-60C3-45AE-A652-F4D97581A93A}.Debug|x64.ActiveCfg = Debug|Any CPU
		{3FDE907D-60C3-45AE-A652-F4D97581A93A}.Debug|x64.Build.0 = Debug|Any CPU
		{3FDE907D-60C3-45AE-A652-F4D97581A93A}.Debug|x86.ActiveCfg = Debug|Any CPU
		{3FDE907D-60C3-45AE-A652-F4D97581A93A}.Debug|x86.Build.0 = Debug|Any CPU
		{3FDE907D-60C3-45AE-A652-F4D97581A93A}.Release|Any CPU.ActiveCfg = Release|Any CPU
		{3FDE907D-60C3-45AE-A652-F4D97581A93A}.Release|Any CPU.Build.0 = Release|Any CPU
		{3FDE907D-60C3-45AE-A652-F4D97581A93A}.Release|x64.ActiveCfg = Release|Any CPU
		{3FDE907D-60C3-45AE-A652-F4D97581A93A}.Release|x64.Build.0 = Release|Any CPU
		{3FDE907D-60C3-45AE-A652-F4D97581A93A}.Release|x86.ActiveCfg = Release|Any CPU
		{3FDE907D-60C3-45AE-A652-F4D97581A93A}.Release|x86.Build.0 = Release|Any CPU
	EndGlobalSection
	GlobalSection(NestedProjects) = preSolution
		{8B305DC4-4720-42E4-AA99-F072C11BBCE2} = {5CC73B64-900E-48D3-AA29-9357FA9860E0}
		{3FDE907D-60C3-45AE-A652-F4D97581A93A} = {154E084C-04AD-4ADE-A4A8-783531789034}
	EndGlobalSection
EndGlobal
